
Microsoft Visual Studio Solution File, Format Version 12.00
# Visual Studio Version 17
VisualStudioVersion = 17.7.34009.444
MinimumVisualStudioVersion = 10.0.40219.1
Project("{9A19103F-16F7-4668-BE54-9A1E7A4F7556}") = "XpTest.Domain", "XpTest.Domain\XpTest.Domain.csproj", "{A925F4F8-11F3-4CD7-AC53-48AA3C407AF9}"
EndProject
Project("{9A19103F-16F7-4668-BE54-9A1E7A4F7556}") = "XpTest.Tests", "XpTest.Tests\XpTest.Tests.csproj", "{948E4334-AB1F-41CF-BC7F-D897BB731946}"
EndProject
Project("{9A19103F-16F7-4668-BE54-9A1E7A4F7556}") = "XpTest.Api", "XpTest.Api\XpTest.Api.csproj", "{56BF6D41-FD70-4AEA-B0DC-4D9A85E441F0}"
EndProject
Project("{9A19103F-16F7-4668-BE54-9A1E7A4F7556}") = "XpTest.Infra.Data", "XpTest.Infra\XpTest.Infra.Data.csproj", "{9124A3B5-25E7-46DB-8328-AD39ACEBF78A}"
EndProject
Project("{9A19103F-16F7-4668-BE54-9A1E7A4F7556}") = "XpTest.Infra.IoC", "XpTest.Infra.IoC\XpTest.Infra.IoC.csproj", "{DF396647-6BB1-4324-846D-1B92F04AD200}"
EndProject
Project("{9A19103F-16F7-4668-BE54-9A1E7A4F7556}") = "XpTest.Application", "XpTest.Application\XpTest.Application.csproj", "{CA8C3F9D-C8C4-488C-9F08-105B532882D3}"
EndProject
Project("{E53339B2-1760-4266-BCC7-CA923CBCF16C}") = "docker-compose", "docker-compose.dcproj", "{872F6C93-7B2B-4E03-B5A1-1F9CC25533AC}"
EndProject
Global
	GlobalSection(SolutionConfigurationPlatforms) = preSolution
		Debug|Any CPU = Debug|Any CPU
		Release|Any CPU = Release|Any CPU
	EndGlobalSection
	GlobalSection(ProjectConfigurationPlatforms) = postSolution
		{A925F4F8-11F3-4CD7-AC53-48AA3C407AF9}.Debug|Any CPU.ActiveCfg = Debug|Any CPU
		{A925F4F8-11F3-4CD7-AC53-48AA3C407AF9}.Debug|Any CPU.Build.0 = Debug|Any CPU
		{A925F4F8-11F3-4CD7-AC53-48AA3C407AF9}.Release|Any CPU.ActiveCfg = Release|Any CPU
		{A925F4F8-11F3-4CD7-AC53-48AA3C407AF9}.Release|Any CPU.Build.0 = Release|Any CPU
		{948E4334-AB1F-41CF-BC7F-D897BB731946}.Debug|Any CPU.ActiveCfg = Debug|Any CPU
		{948E4334-AB1F-41CF-BC7F-D897BB731946}.Debug|Any CPU.Build.0 = Debug|Any CPU
		{948E4334-AB1F-41CF-BC7F-D897BB731946}.Release|Any CPU.ActiveCfg = Release|Any CPU
		{948E4334-AB1F-41CF-BC7F-D897BB731946}.Release|Any CPU.Build.0 = Release|Any CPU
		{56BF6D41-FD70-4AEA-B0DC-4D9A85E441F0}.Debug|Any CPU.ActiveCfg = Debug|Any CPU
		{56BF6D41-FD70-4AEA-B0DC-4D9A85E441F0}.Debug|Any CPU.Build.0 = Debug|Any CPU
		{56BF6D41-FD70-4AEA-B0DC-4D9A85E441F0}.Release|Any CPU.ActiveCfg = Release|Any CPU
		{56BF6D41-FD70-4AEA-B0DC-4D9A85E441F0}.Release|Any CPU.Build.0 = Release|Any CPU
		{9124A3B5-25E7-46DB-8328-AD39ACEBF78A}.Debug|Any CPU.ActiveCfg = Debug|Any CPU
		{9124A3B5-25E7-46DB-8328-AD39ACEBF78A}.Debug|Any CPU.Build.0 = Debug|Any CPU
		{9124A3B5-25E7-46DB-8328-AD39ACEBF78A}.Release|Any CPU.ActiveCfg = Release|Any CPU
		{9124A3B5-25E7-46DB-8328-AD39ACEBF78A}.Release|Any CPU.Build.0 = Release|Any CPU
		{DF396647-6BB1-4324-846D-1B92F04AD200}.Debug|Any CPU.ActiveCfg = Debug|Any CPU
		{DF396647-6BB1-4324-846D-1B92F04AD200}.Debug|Any CPU.Build.0 = Debug|Any CPU
		{DF396647-6BB1-4324-846D-1B92F04AD200}.Release|Any CPU.ActiveCfg = Release|Any CPU
		{DF396647-6BB1-4324-846D-1B92F04AD200}.Release|Any CPU.Build.0 = Release|Any CPU
		{CA8C3F9D-C8C4-488C-9F08-105B532882D3}.Debug|Any CPU.ActiveCfg = Debug|Any CPU
		{CA8C3F9D-C8C4-488C-9F08-105B532882D3}.Debug|Any CPU.Build.0 = Debug|Any CPU
		{CA8C3F9D-C8C4-488C-9F08-105B532882D3}.Release|Any CPU.ActiveCfg = Release|Any CPU
		{CA8C3F9D-C8C4-488C-9F08-105B532882D3}.Release|Any CPU.Build.0 = Release|Any CPU
		{872F6C93-7B2B-4E03-B5A1-1F9CC25533AC}.Debug|Any CPU.ActiveCfg = Debug|Any CPU
		{872F6C93-7B2B-4E03-B5A1-1F9CC25533AC}.Debug|Any CPU.Build.0 = Debug|Any CPU
		{872F6C93-7B2B-4E03-B5A1-1F9CC25533AC}.Release|Any CPU.ActiveCfg = Release|Any CPU
		{872F6C93-7B2B-4E03-B5A1-1F9CC25533AC}.Release|Any CPU.Build.0 = Release|Any CPU
	EndGlobalSection
	GlobalSection(SolutionProperties) = preSolution
		HideSolutionNode = FALSE
	EndGlobalSection
	GlobalSection(ExtensibilityGlobals) = postSolution
		SolutionGuid = {D7152A37-D56E-45B7-BBFC-E9854A735653}
	EndGlobalSection
EndGlobal
